
Microsoft Visual Studio Solution File, Format Version 12.00
# Visual Studio Version 17
VisualStudioVersion = 17.13.35919.96
MinimumVisualStudioVersion = 10.0.40219.1
Project("{FAE04EC0-301F-11D3-BF4B-00C04F79EFBC}") = "Fitness", "Fitness\Fitness.csproj", "{F5961740-58EB-46C5-BC50-598E850B9153}"
EndProject
Global
	GlobalSection(SolutionConfigurationPlatforms) = preSolution
		Debug|Any CPU = Debug|Any CPU
		Release|Any CPU = Release|Any CPU
	EndGlobalSection
	GlobalSection(ProjectConfigurationPlatforms) = postSolution
		{F5961740-58EB-46C5-BC50-598E850B9153}.Debug|Any CPU.ActiveCfg = Debug|Any CPU
		{F5961740-58EB-46C5-BC50-598E850B9153}.Debug|Any CPU.Build.0 = Debug|Any CPU
		{F5961740-58EB-46C5-BC50-598E850B9153}.Release|Any CPU.ActiveCfg = Release|Any CPU
		{F5961740-58EB-46C5-BC50-598E850B9153}.Release|Any CPU.Build.0 = Release|Any CPU
	EndGlobalSection
	GlobalSection(SolutionProperties) = preSolution
		HideSolutionNode = FALSE
	EndGlobalSection
	GlobalSection(ExtensibilityGlobals) = postSolution
		SolutionGuid = {6F151388-CCD3-4304-8D18-66E0EBDE7095}
	EndGlobalSection
EndGlobal
